
Microsoft Visual Studio Solution File, Format Version 12.00
# Visual Studio Version 17
VisualStudioVersion = 17.1.32421.90
MinimumVisualStudioVersion = 10.0.40219.1
Project("{2150E333-8FDC-42A3-9474-1A3956D46DE8}") = "src", "src", "{005C8A0B-0BE7-4C8B-9D12-B62936D1DC3D}"
EndProject
Project("{2150E333-8FDC-42A3-9474-1A3956D46DE8}") = "tests", "tests", "{1CB61850-E6F7-4BF5-9DB1-F43B89AB04B4}"
EndProject
Project("{9A19103F-16F7-4668-BE54-9A1E7A4F7556}") = "Ecommerce.Domain", "Ecommerce.Domain\Ecommerce.Domain.csproj", "{82A06EB7-63C5-4D22-A56D-4863F9E7D5EC}"
EndProject
Project("{9A19103F-16F7-4668-BE54-9A1E7A4F7556}") = "Ecommerce.Infrastructure", "Ecommerce.Infrastructure\Ecommerce.Infrastructure.csproj", "{AB69BD2F-F4E1-4017-B63D-FF42CA670CA4}"
EndProject
Project("{9A19103F-16F7-4668-BE54-9A1E7A4F7556}") = "Ecommerce.WebUI", "Ecommerce.WebUI\Ecommerce.WebUI.csproj", "{0A28070B-E05B-44BA-A86E-D5C115C1444E}"
EndProject
Global
	GlobalSection(SolutionConfigurationPlatforms) = preSolution
		Debug|Any CPU = Debug|Any CPU
		Release|Any CPU = Release|Any CPU
	EndGlobalSection
	GlobalSection(ProjectConfigurationPlatforms) = postSolution
		{82A06EB7-63C5-4D22-A56D-4863F9E7D5EC}.Debug|Any CPU.ActiveCfg = Debug|Any CPU
		{82A06EB7-63C5-4D22-A56D-4863F9E7D5EC}.Debug|Any CPU.Build.0 = Debug|Any CPU
		{82A06EB7-63C5-4D22-A56D-4863F9E7D5EC}.Release|Any CPU.ActiveCfg = Release|Any CPU
		{82A06EB7-63C5-4D22-A56D-4863F9E7D5EC}.Release|Any CPU.Build.0 = Release|Any CPU
		{AB69BD2F-F4E1-4017-B63D-FF42CA670CA4}.Debug|Any CPU.ActiveCfg = Debug|Any CPU
		{AB69BD2F-F4E1-4017-B63D-FF42CA670CA4}.Debug|Any CPU.Build.0 = Debug|Any CPU
		{AB69BD2F-F4E1-4017-B63D-FF42CA670CA4}.Release|Any CPU.ActiveCfg = Release|Any CPU
		{AB69BD2F-F4E1-4017-B63D-FF42CA670CA4}.Release|Any CPU.Build.0 = Release|Any CPU
		{0A28070B-E05B-44BA-A86E-D5C115C1444E}.Debug|Any CPU.ActiveCfg = Debug|Any CPU
		{0A28070B-E05B-44BA-A86E-D5C115C1444E}.Debug|Any CPU.Build.0 = Debug|Any CPU
		{0A28070B-E05B-44BA-A86E-D5C115C1444E}.Release|Any CPU.ActiveCfg = Release|Any CPU
		{0A28070B-E05B-44BA-A86E-D5C115C1444E}.Release|Any CPU.Build.0 = Release|Any CPU
	EndGlobalSection
	GlobalSection(SolutionProperties) = preSolution
		HideSolutionNode = FALSE
	EndGlobalSection
	GlobalSection(NestedProjects) = preSolution
		{82A06EB7-63C5-4D22-A56D-4863F9E7D5EC} = {005C8A0B-0BE7-4C8B-9D12-B62936D1DC3D}
		{AB69BD2F-F4E1-4017-B63D-FF42CA670CA4} = {005C8A0B-0BE7-4C8B-9D12-B62936D1DC3D}
		{0A28070B-E05B-44BA-A86E-D5C115C1444E} = {005C8A0B-0BE7-4C8B-9D12-B62936D1DC3D}
	EndGlobalSection
	GlobalSection(ExtensibilityGlobals) = postSolution
		SolutionGuid = {6CCB2739-F3FF-4A45-B6CF-8FF45334AD52}
	EndGlobalSection
EndGlobal
