
Microsoft Visual Studio Solution File, Format Version 12.00
# Visual Studio Version 17
VisualStudioVersion = 17.1.32421.90
MinimumVisualStudioVersion = 10.0.40219.1
Project("{2150E333-8FDC-42A3-9474-1A3956D46DE8}") = "src", "src", "{005C8A0B-0BE7-4C8B-9D12-B62936D1DC3D}"
EndProject
Project("{2150E333-8FDC-42A3-9474-1A3956D46DE8}") = "tests", "tests", "{1CB61850-E6F7-4BF5-9DB1-F43B89AB04B4}"
EndProject
Project("{9A19103F-16F7-4668-BE54-9A1E7A4F7556}") = "Ecommerce.Domain", "Ecommerce.Domain\Ecommerce.Domain.csproj", "{AFA97B6B-0F02-445D-9260-9FA12132EBD2}"
EndProject
Project("{9A19103F-16F7-4668-BE54-9A1E7A4F7556}") = "Ecommerce.Application", "Ecommerce.Application\Ecommerce.Application.csproj", "{1E5D94A0-D896-41A0-9080-1DC89614B09A}"
EndProject
Project("{9A19103F-16F7-4668-BE54-9A1E7A4F7556}") = "Ecommerce.Infrastructure", "Ecommerce.Infrastructure\Ecommerce.Infrastructure.csproj", "{625C3262-322B-4233-94A6-C1C88931B939}"
EndProject
Project("{9A19103F-16F7-4668-BE54-9A1E7A4F7556}") = "Ecommerce.Api", "Ecommerce.Api\Ecommerce.Api.csproj", "{4D96F7FC-5719-4C69-8207-414CC0F62E02}"
EndProject
Project("{9A19103F-16F7-4668-BE54-9A1E7A4F7556}") = "Ecommerce.Application.UnitTests", "Ecommerce.Application.UnitTests\Ecommerce.Application.UnitTests.csproj", "{56B332CF-13A0-4E29-90B4-6604FB2FF65F}"
EndProject
Project("{9A19103F-16F7-4668-BE54-9A1E7A4F7556}") = "Ecommerce.Infrastructure.IntegrationTests", "Ecommerce.Infrastructure.IntegrationTests\Ecommerce.Infrastructure.IntegrationTests.csproj", "{B92CFA7F-AF4E-4E2C-BB6A-11428D7EFC66}"
EndProject
Project("{54A90642-561A-4BB1-A94E-469ADEE60C69}") = "Ecommerce.WebUI", "Ecommerce.WebUI\Ecommerce.WebUI.esproj", "{7913E5F3-0A12-4BBF-BF91-E231163F06A0}"
EndProject
Project("{E53339B2-1760-4266-BCC7-CA923CBCF16C}") = "docker-compose", "docker-compose.dcproj", "{BAF2ADF3-97E2-41C5-B518-9BDB4F899499}"
EndProject
Project("{9A19103F-16F7-4668-BE54-9A1E7A4F7556}") = "Ecommerce.Sync", "Ecommerce.Sync\Ecommerce.Sync.csproj", "{63267F8A-5F33-4BBE-A907-BD97394362FE}"
EndProject
Project("{9A19103F-16F7-4668-BE54-9A1E7A4F7556}") = "Ecommerce.Sync.UnitTests", "Ecommerce.Sync.UnitTests\Ecommerce.Sync.UnitTests.csproj", "{B9F4F53F-30FA-4F87-8C53-E873E3077F8E}"
EndProject
Project("{FAE04EC0-301F-11D3-BF4B-00C04F79EFBC}") = "Ecommerce.Mobile", "Ecommerce.Mobile\Ecommerce.Mobile.csproj", "{9166189F-6C2A-4BDE-9E95-32B81CCEF487}"
EndProject
Project("{FAE04EC0-301F-11D3-BF4B-00C04F79EFBC}") = "Ecommerce.Mobile.Tests", "Ecommerce.Mobile.Tests\Ecommerce.Mobile.Tests.csproj", "{26BE310E-7CC0-4612-BF73-9C1F4B1AC8DB}"
EndProject
Global
	GlobalSection(SolutionConfigurationPlatforms) = preSolution
		Debug|Any CPU = Debug|Any CPU
		Release|Any CPU = Release|Any CPU
	EndGlobalSection
	GlobalSection(ProjectConfigurationPlatforms) = postSolution
		{AFA97B6B-0F02-445D-9260-9FA12132EBD2}.Debug|Any CPU.ActiveCfg = Debug|Any CPU
		{AFA97B6B-0F02-445D-9260-9FA12132EBD2}.Debug|Any CPU.Build.0 = Debug|Any CPU
		{AFA97B6B-0F02-445D-9260-9FA12132EBD2}.Release|Any CPU.ActiveCfg = Release|Any CPU
		{AFA97B6B-0F02-445D-9260-9FA12132EBD2}.Release|Any CPU.Build.0 = Release|Any CPU
		{1E5D94A0-D896-41A0-9080-1DC89614B09A}.Debug|Any CPU.ActiveCfg = Debug|Any CPU
		{1E5D94A0-D896-41A0-9080-1DC89614B09A}.Debug|Any CPU.Build.0 = Debug|Any CPU
		{1E5D94A0-D896-41A0-9080-1DC89614B09A}.Release|Any CPU.ActiveCfg = Release|Any CPU
		{1E5D94A0-D896-41A0-9080-1DC89614B09A}.Release|Any CPU.Build.0 = Release|Any CPU
		{625C3262-322B-4233-94A6-C1C88931B939}.Debug|Any CPU.ActiveCfg = Debug|Any CPU
		{625C3262-322B-4233-94A6-C1C88931B939}.Debug|Any CPU.Build.0 = Debug|Any CPU
		{625C3262-322B-4233-94A6-C1C88931B939}.Release|Any CPU.ActiveCfg = Release|Any CPU
		{625C3262-322B-4233-94A6-C1C88931B939}.Release|Any CPU.Build.0 = Release|Any CPU
		{4D96F7FC-5719-4C69-8207-414CC0F62E02}.Debug|Any CPU.ActiveCfg = Debug|Any CPU
		{4D96F7FC-5719-4C69-8207-414CC0F62E02}.Debug|Any CPU.Build.0 = Debug|Any CPU
		{4D96F7FC-5719-4C69-8207-414CC0F62E02}.Release|Any CPU.ActiveCfg = Release|Any CPU
		{4D96F7FC-5719-4C69-8207-414CC0F62E02}.Release|Any CPU.Build.0 = Release|Any CPU
		{56B332CF-13A0-4E29-90B4-6604FB2FF65F}.Debug|Any CPU.ActiveCfg = Debug|Any CPU
		{56B332CF-13A0-4E29-90B4-6604FB2FF65F}.Debug|Any CPU.Build.0 = Debug|Any CPU
		{56B332CF-13A0-4E29-90B4-6604FB2FF65F}.Release|Any CPU.ActiveCfg = Release|Any CPU
		{56B332CF-13A0-4E29-90B4-6604FB2FF65F}.Release|Any CPU.Build.0 = Release|Any CPU
		{B92CFA7F-AF4E-4E2C-BB6A-11428D7EFC66}.Debug|Any CPU.ActiveCfg = Debug|Any CPU
		{B92CFA7F-AF4E-4E2C-BB6A-11428D7EFC66}.Debug|Any CPU.Build.0 = Debug|Any CPU
		{B92CFA7F-AF4E-4E2C-BB6A-11428D7EFC66}.Release|Any CPU.ActiveCfg = Release|Any CPU
		{B92CFA7F-AF4E-4E2C-BB6A-11428D7EFC66}.Release|Any CPU.Build.0 = Release|Any CPU
		{7913E5F3-0A12-4BBF-BF91-E231163F06A0}.Debug|Any CPU.ActiveCfg = Debug|Any CPU
		{7913E5F3-0A12-4BBF-BF91-E231163F06A0}.Debug|Any CPU.Build.0 = Debug|Any CPU
		{7913E5F3-0A12-4BBF-BF91-E231163F06A0}.Debug|Any CPU.Deploy.0 = Debug|Any CPU
		{7913E5F3-0A12-4BBF-BF91-E231163F06A0}.Release|Any CPU.ActiveCfg = Release|Any CPU
		{7913E5F3-0A12-4BBF-BF91-E231163F06A0}.Release|Any CPU.Build.0 = Release|Any CPU
		{7913E5F3-0A12-4BBF-BF91-E231163F06A0}.Release|Any CPU.Deploy.0 = Release|Any CPU
		{BAF2ADF3-97E2-41C5-B518-9BDB4F899499}.Debug|Any CPU.ActiveCfg = Debug|Any CPU
		{BAF2ADF3-97E2-41C5-B518-9BDB4F899499}.Debug|Any CPU.Build.0 = Debug|Any CPU
		{BAF2ADF3-97E2-41C5-B518-9BDB4F899499}.Release|Any CPU.ActiveCfg = Release|Any CPU
		{BAF2ADF3-97E2-41C5-B518-9BDB4F899499}.Release|Any CPU.Build.0 = Release|Any CPU
		{63267F8A-5F33-4BBE-A907-BD97394362FE}.Debug|Any CPU.ActiveCfg = Debug|Any CPU
		{63267F8A-5F33-4BBE-A907-BD97394362FE}.Debug|Any CPU.Build.0 = Debug|Any CPU
		{63267F8A-5F33-4BBE-A907-BD97394362FE}.Release|Any CPU.ActiveCfg = Release|Any CPU
		{63267F8A-5F33-4BBE-A907-BD97394362FE}.Release|Any CPU.Build.0 = Release|Any CPU
		{B9F4F53F-30FA-4F87-8C53-E873E3077F8E}.Debug|Any CPU.ActiveCfg = Debug|Any CPU
		{B9F4F53F-30FA-4F87-8C53-E873E3077F8E}.Debug|Any CPU.Build.0 = Debug|Any CPU
		{B9F4F53F-30FA-4F87-8C53-E873E3077F8E}.Release|Any CPU.ActiveCfg = Release|Any CPU
		{B9F4F53F-30FA-4F87-8C53-E873E3077F8E}.Release|Any CPU.Build.0 = Release|Any CPU
		{9166189F-6C2A-4BDE-9E95-32B81CCEF487}.Debug|Any CPU.ActiveCfg = Debug|Any CPU
		{9166189F-6C2A-4BDE-9E95-32B81CCEF487}.Debug|Any CPU.Build.0 = Debug|Any CPU
		{9166189F-6C2A-4BDE-9E95-32B81CCEF487}.Debug|Any CPU.Deploy.0 = Debug|Any CPU
		{9166189F-6C2A-4BDE-9E95-32B81CCEF487}.Release|Any CPU.ActiveCfg = Release|Any CPU
		{9166189F-6C2A-4BDE-9E95-32B81CCEF487}.Release|Any CPU.Build.0 = Release|Any CPU
		{9166189F-6C2A-4BDE-9E95-32B81CCEF487}.Release|Any CPU.Deploy.0 = Release|Any CPU
		{26BE310E-7CC0-4612-BF73-9C1F4B1AC8DB}.Debug|Any CPU.ActiveCfg = Debug|Any CPU
		{26BE310E-7CC0-4612-BF73-9C1F4B1AC8DB}.Debug|Any CPU.Build.0 = Debug|Any CPU
		{26BE310E-7CC0-4612-BF73-9C1F4B1AC8DB}.Release|Any CPU.ActiveCfg = Release|Any CPU
		{26BE310E-7CC0-4612-BF73-9C1F4B1AC8DB}.Release|Any CPU.Build.0 = Release|Any CPU
	EndGlobalSection
	GlobalSection(SolutionProperties) = preSolution
		HideSolutionNode = FALSE
	EndGlobalSection
	GlobalSection(NestedProjects) = preSolution
		{AFA97B6B-0F02-445D-9260-9FA12132EBD2} = {005C8A0B-0BE7-4C8B-9D12-B62936D1DC3D}
		{1E5D94A0-D896-41A0-9080-1DC89614B09A} = {005C8A0B-0BE7-4C8B-9D12-B62936D1DC3D}
		{625C3262-322B-4233-94A6-C1C88931B939} = {005C8A0B-0BE7-4C8B-9D12-B62936D1DC3D}
		{4D96F7FC-5719-4C69-8207-414CC0F62E02} = {005C8A0B-0BE7-4C8B-9D12-B62936D1DC3D}
		{56B332CF-13A0-4E29-90B4-6604FB2FF65F} = {1CB61850-E6F7-4BF5-9DB1-F43B89AB04B4}
		{B92CFA7F-AF4E-4E2C-BB6A-11428D7EFC66} = {1CB61850-E6F7-4BF5-9DB1-F43B89AB04B4}
		{7913E5F3-0A12-4BBF-BF91-E231163F06A0} = {005C8A0B-0BE7-4C8B-9D12-B62936D1DC3D}
		{63267F8A-5F33-4BBE-A907-BD97394362FE} = {005C8A0B-0BE7-4C8B-9D12-B62936D1DC3D}
		{B9F4F53F-30FA-4F87-8C53-E873E3077F8E} = {1CB61850-E6F7-4BF5-9DB1-F43B89AB04B4}
		{9166189F-6C2A-4BDE-9E95-32B81CCEF487} = {005C8A0B-0BE7-4C8B-9D12-B62936D1DC3D}
		{26BE310E-7CC0-4612-BF73-9C1F4B1AC8DB} = {1CB61850-E6F7-4BF5-9DB1-F43B89AB04B4}
	EndGlobalSection
	GlobalSection(ExtensibilityGlobals) = postSolution
		SolutionGuid = {6CCB2739-F3FF-4A45-B6CF-8FF45334AD52}
	EndGlobalSection
EndGlobal
